PODS:
  - Amplify (1.5.2):
    - Amplify/Default (= 1.5.2)
  - Amplify/Default (1.5.2)
  - amplify_analytics_pinpoint (0.0.1):
    - Amplify
    - amplify_core
    - AmplifyPlugins/AWSPinpointAnalyticsPlugin
    - Flutter
  - amplify_auth_cognito (0.0.1):
    - Amplify
    - amplify_core
    - AmplifyPlugins/AWSCognitoAuthPlugin
    - Flutter
    - ObjectMapper
  - amplify_core (0.0.1):
    - Flutter
  - amplify_datastore (0.0.1):
    - Amplify
    - amplify_core
    - AmplifyPlugins/AWSDataStorePlugin
    - Flutter
  - amplify_flutter (0.0.1):
    - Amplify
    - amplify_core
    - AmplifyPlugins/AWSCognitoAuthPlugin
    - AWSPluginsCore
    - Flutter
  - AmplifyPlugins/AWSCognitoAuthPlugin (1.5.2):
    - AWSAuthCore (~> 2.21.0)
    - AWSCognitoIdentityProvider (~> 2.21.0)
    - AWSCognitoIdentityProviderASF (~> 2.21.0)
    - AWSCore (~> 2.21.0)
    - AWSMobileClient (~> 2.21.0)
    - AWSPluginsCore (= 1.5.2)
  - AmplifyPlugins/AWSDataStorePlugin (1.5.2):
    - AWSCore (~> 2.21.0)
    - AWSPluginsCore (= 1.5.2)
    - SQLite.swift (~> 0.12.0)
  - AmplifyPlugins/AWSPinpointAnalyticsPlugin (1.5.2):
    - AWSCore (~> 2.21.0)
    - AWSPinpoint (~> 2.21.0)
    - AWSPluginsCore (= 1.5.2)
  - AWSAuthCore (2.21.1):
    - AWSCore (= 2.21.1)
  - AWSCognitoIdentityProvider (2.21.1):
    - AWSCognitoIdentityProviderASF (= 2.21.1)
    - AWSCore (= 2.21.1)
  - AWSCognitoIdentityProviderASF (2.21.1)
  - AWSCore (2.21.1)
  - AWSMobileClient (2.21.1):
    - AWSAuthCore (= 2.21.1)
    - AWSCognitoIdentityProvider (= 2.21.1)
    - AWSCognitoIdentityProviderASF (= 2.21.1)
    - AWSCore (= 2.21.1)
  - AWSPinpoint (2.21.1):
    - AWSCore (= 2.21.1)
  - AWSPluginsCore (1.5.2):
    - Amplify (= 1.5.2)
    - AWSCore (~> 2.21.0)
  - Flutter (1.0.0)
  - ObjectMapper (4.2.0)
  - SQLite.swift (0.12.2):
    - SQLite.swift/standard (= 0.12.2)
  - SQLite.swift/standard (0.12.2)

DEPENDENCIES:
  - amplify_analytics_pinpoint (from `.symlinks/plugins/amplify_analytics_pinpoint/ios`)
  - amplify_auth_cognito (from `.symlinks/plugins/amplify_auth_cognito/ios`)
  - amplify_core (from `.symlinks/plugins/amplify_core/ios`)
  - amplify_datastore (from `.symlinks/plugins/amplify_datastore/ios`)
  - amplify_flutter (from `.symlinks/plugins/amplify_flutter/ios`)
  - Flutter (from `Flutter`)

SPEC REPOS:
  trunk:
    - Amplify
    - AmplifyPlugins
    - AWSAuthCore
    - AWSCognitoIdentityProvider
    - AWSCognitoIdentityProviderASF
    - AWSCore
    - AWSMobileClient
    - AWSPinpoint
    - AWSPluginsCore
    - ObjectMapper
    - SQLite.swift

EXTERNAL SOURCES:
  amplify_analytics_pinpoint:
    :path: ".symlinks/plugins/amplify_analytics_pinpoint/ios"
  amplify_auth_cognito:
    :path: ".symlinks/plugins/amplify_auth_cognito/ios"
  amplify_core:
    :path: ".symlinks/plugins/amplify_core/ios"
  amplify_datastore:
    :path: ".symlinks/plugins/amplify_datastore/ios"
  amplify_flutter:
    :path: ".symlinks/plugins/amplify_flutter/ios"
  Flutter:
    :path: Flutter

SPEC CHECKSUMS:
  Amplify: ab6311e55abba45613c3990e8233b5ffa965d556
  amplify_analytics_pinpoint: df3010eb49161ada82712a6b74d3f77296ac561e
  amplify_auth_cognito: 2e090a788d0ba4e08f6438170b1e7aac872782b4
  amplify_core: 8b38d20089fe4f225c14db6892f586bd03824a42
  amplify_datastore: e73979905bbee5c192e59f6afcd4e0692c3132bf
  amplify_flutter: d64b45e3a016e491bbb2e110fee57e150daf2164
  AmplifyPlugins: 91abe3ca8af4337147e98655f6e603d398784f7a
  AWSAuthCore: 0c8f99de21a92134f052fb38c579f977e269b0c8
  AWSCognitoIdentityProvider: 6ac90a6833bfabd22c80863a96240ab9098186f4
  AWSCognitoIdentityProviderASF: 318df44cc620dc401a04a94e57107b2af316c50e
  AWSCore: a855a41cb2d43c8b538d3a80f8e855ed947f3d3c
  AWSMobileClient: 21f4e54eb90a7bcab22e7cb22fd6043b8c6f93e1
  AWSPinpoint: 2bed8c74e40f0608054507595c52c107719b4f27
  AWSPluginsCore: 58fbe8752faffd4a3d94799d942ebb6f3bf96fe9
  Flutter: 434fef37c0980e73bb6479ef766c45957d4b510c
  ObjectMapper: 1eb41f610210777375fa806bf161dc39fb832b81
  SQLite.swift: d2b4642190917051ce6bd1d49aab565fe794eea3

PODFILE CHECKSUM: 378d36709824298b495957474f7c52349c24e4c7

COCOAPODS: 1.10.1
